dependencies:
- name: nginx-ingress
  repository: https://kubernetes-charts.storage.googleapis.com/
  version: 0.20.3
- name: keycloak
  repository: https://kubernetes-charts.storage.googleapis.com/
  version: 2.0.0
- name: rabbitmq
  repository: https://kubernetes-charts.storage.googleapis.com/
  version: 3.5.1
digest: sha256:d9ad27487498bb4091674e28c0f417815ac3984907472c57aa2616daeb414972
generated: 2018-12-06T09:51:48.786265+01:00
