dependencies:
- name: keycloak
  repository: https://codecentric.github.io/helm-charts
  version: 6.0.0
- name: elasticsearch
  repository: https://kubernetes-charts.storage.googleapis.com
  version: 1.31.0
- name: rabbitmq
  repository: https://kubernetes-charts.storage.googleapis.com/
  version: 6.5.0
digest: sha256:afb5490ae1d3e39f1068d3f25cb0cb9a1482e389445b45453cfaa5b76dcaa6c4
generated: "2019-10-23T15:18:58.701224146+02:00"
