dependencies:
- name: nginx-ingress
  repository: https://kubernetes-charts.storage.googleapis.com/
  version: 0.20.3
- name: keycloak
  repository: https://kubernetes-charts.storage.googleapis.com/
  version: 2.0.0
digest: sha256:36c9e902c09a4b4d112e1e5cc0974458cba66f631247e571b417506e62d17e40
generated: 2018-07-02T07:26:27.761726011Z
