dependencies:
- name: nginx-ingress
  repository: https://kubernetes-charts.storage.googleapis.com/
  version: 0.20.3
- name: keycloak
  repository: https://kubernetes-charts.storage.googleapis.com/
  version: 2.0.0
digest: sha256:56d7c0047620227c2959912e2e1b270fc20dfdc3e726a7a01a712cac2234fd55
generated: 2018-06-21T15:41:03.380740371+02:00
