dependencies:
- name: nginx-ingress
  repository: https://kubernetes-charts.storage.googleapis.com/
  version: 0.20.3
- name: keycloak
  repository: https://kubernetes-charts.storage.googleapis.com/
  version: 2.0.0
digest: sha256:b93a8270729a4ee6faf96a22fabe66e8b647abbe293e0bf8a3eb1303a9680cc3
generated: 2018-07-13T07:45:22.185967448Z
